
Microsoft Visual Studio Solution File, Format Version 12.00
# Visual Studio Version 17
VisualStudioVersion = 17.3.32825.248
MinimumVisualStudioVersion = 10.0.40219.1
Project("{9A19103F-16F7-4668-BE54-9A1E7A4F7556}") = "HAM-Windows", "HAM-Windows.csproj", "{2A5B5E2D-54D0-4CC2-81B6-1784A489DCCD}"
EndProject
Global
	GlobalSection(SolutionConfigurationPlatforms) = preSolution
		Debug|Any CPU = Debug|Any CPU
		Release|Any CPU = Release|Any CPU
	EndGlobalSection
	GlobalSection(ProjectConfigurationPlatforms) = postSolution
		{2A5B5E2D-54D0-4CC2-81B6-1784A489DCCD}.Debug|Any CPU.ActiveCfg = Debug|Any CPU
		{2A5B5E2D-54D0-4CC2-81B6-1784A489DCCD}.Debug|Any CPU.Build.0 = Debug|Any CPU
		{2A5B5E2D-54D0-4CC2-81B6-1784A489DCCD}.Release|Any CPU.ActiveCfg = Release|Any CPU
		{2A5B5E2D-54D0-4CC2-81B6-1784A489DCCD}.Release|Any CPU.Build.0 = Release|Any CPU
	EndGlobalSection
	GlobalSection(SolutionProperties) = preSolution
		HideSolutionNode = FALSE
	EndGlobalSection
	GlobalSection(ExtensibilityGlobals) = postSolution
		SolutionGuid = {C1224287-DCD1-4275-9B55-EA841689B7EC}
	EndGlobalSection
EndGlobal
